
Microsoft Visual Studio Solution File, Format Version 12.00
# Visual Studio Version 17
VisualStudioVersion = 17.14.36203.30
MinimumVisualStudioVersion = 10.0.40219.1
Project("{FAE04EC0-301F-11D3-BF4B-00C04F79EFBC}") = "pathly-backend", "pathly-backend.csproj", "{E537F597-9D3D-49FF-9D1C-2DA9F31F868D}"
EndProject
Global
	GlobalSection(SolutionConfigurationPlatforms) = preSolution
		Debug|Any CPU = Debug|Any CPU
		Debug|x64 = Debug|x64
		Debug|x86 = Debug|x86
		Release|Any CPU = Release|Any CPU
		Release|x64 = Release|x64
		Release|x86 = Release|x86
	EndGlobalSection
	GlobalSection(ProjectConfigurationPlatforms) = postSolution
		{E537F597-9D3D-49FF-9D1C-2DA9F31F868D}.Debug|Any CPU.ActiveCfg = Debug|Any CPU
		{E537F597-9D3D-49FF-9D1C-2DA9F31F868D}.Debug|Any CPU.Build.0 = Debug|Any CPU
		{E537F597-9D3D-49FF-9D1C-2DA9F31F868D}.Debug|x64.ActiveCfg = Debug|Any CPU
		{E537F597-9D3D-49FF-9D1C-2DA9F31F868D}.Debug|x64.Build.0 = Debug|Any CPU
		{E537F597-9D3D-49FF-9D1C-2DA9F31F868D}.Debug|x86.ActiveCfg = Debug|Any CPU
		{E537F597-9D3D-49FF-9D1C-2DA9F31F868D}.Debug|x86.Build.0 = Debug|Any CPU
		{E537F597-9D3D-49FF-9D1C-2DA9F31F868D}.Release|Any CPU.ActiveCfg = Release|Any CPU
		{E537F597-9D3D-49FF-9D1C-2DA9F31F868D}.Release|Any CPU.Build.0 = Release|Any CPU
		{E537F597-9D3D-49FF-9D1C-2DA9F31F868D}.Release|x64.ActiveCfg = Release|Any CPU
		{E537F597-9D3D-49FF-9D1C-2DA9F31F868D}.Release|x64.Build.0 = Release|Any CPU
		{E537F597-9D3D-49FF-9D1C-2DA9F31F868D}.Release|x86.ActiveCfg = Release|Any CPU
		{E537F597-9D3D-49FF-9D1C-2DA9F31F868D}.Release|x86.Build.0 = Release|Any CPU
	EndGlobalSection
	GlobalSection(SolutionProperties) = preSolution
		HideSolutionNode = FALSE
	EndGlobalSection
	GlobalSection(ExtensibilityGlobals) = postSolution
		SolutionGuid = {0EE2EF59-BA7E-4001-9DF5-3C3714802B58}
	EndGlobalSection
EndGlobal
